
Microsoft Visual Studio Solution File, Format Version 12.00
# Visual Studio Version 17
VisualStudioVersion = 17.1.32104.313
MinimumVisualStudioVersion = 10.0.40219.1
Project("{FAE04EC0-301F-11D3-BF4B-00C04F79EFBC}") = "CORE", "CORE.csproj", "{5A7183B3-767E-4E57-ABFF-96A570533BBD}"
EndProject
Global
	GlobalSection(SolutionConfigurationPlatforms) = preSolution
		Debug|Any CPU = Debug|Any CPU
		Release|Any CPU = Release|Any CPU
	EndGlobalSection
	GlobalSection(ProjectConfigurationPlatforms) = postSolution
		{5A7183B3-767E-4E57-ABFF-96A570533BBD}.Debug|Any CPU.ActiveCfg = Debug|Any CPU
		{5A7183B3-767E-4E57-ABFF-96A570533BBD}.Debug|Any CPU.Build.0 = Debug|Any CPU
		{5A7183B3-767E-4E57-ABFF-96A570533BBD}.Release|Any CPU.ActiveCfg = Release|Any CPU
		{5A7183B3-767E-4E57-ABFF-96A570533BBD}.Release|Any CPU.Build.0 = Release|Any CPU
	EndGlobalSection
	GlobalSection(SolutionProperties) = preSolution
		HideSolutionNode = FALSE
	EndGlobalSection
	GlobalSection(ExtensibilityGlobals) = postSolution
		SolutionGuid = {69742BDF-99A2-4BB6-8C2B-F150BDDD77AC}
	EndGlobalSection
EndGlobal
